// !$*UTF8*$!
{
	archiveVersion = 1;
	classes = {
	};
	objectVersion = 46;
	objects = {

/* Begin PBXBuildFile section */
		62231D0D1A6FABBB007E2688 /* thermometer.xcassets in Resources */ = {isa = PBXBuildFile; fileRef = 62231D011A6FABBB007E2688 /* thermometer.xcassets */; };
		62231D0E1A6FABBB007E2688 /* Main.storyboard in Resources */ = {isa = PBXBuildFile; fileRef = 62231D031A6FABBB007E2688 /* Main.storyboard */; };
		62231D1D1A6FACBA007E2688 /* Relayr.framework in Frameworks */ = {isa = PBXBuildFile; fileRef = 62231D1B1A6FACB0007E2688 /* Relayr.framework */; };
		62231D1E1A6FACBA007E2688 /* Relayr.framework in Embed Frameworks */ = {isa = PBXBuildFile; fileRef = 62231D1B1A6FACB0007E2688 /* Relayr.framework */; settings = {ATTRIBUTES = (CodeSignOnCopy, RemoveHeadersOnCopy, ); }; };
		623CCB501A6FB4ED0078FB36 /* IOSAppDelegate.m in Sources */ = {isa = PBXBuildFile; fileRef = 623CCB4C1A6FB4ED0078FB36 /* IOSAppDelegate.m */; };
		623CCB511A6FB4ED0078FB36 /* IOSController.m in Sources */ = {isa = PBXBuildFile; fileRef = 623CCB4E1A6FB4ED0078FB36 /* IOSController.m */; };
		623CCB521A6FB4ED0078FB36 /* main.m in Sources */ = {isa = PBXBuildFile; fileRef = 623CCB4F1A6FB4ED0078FB36 /* main.m */; };
		623CCB581A6FB53A0078FB36 /* main.m in Sources */ = {isa = PBXBuildFile; fileRef = 623CCB531A6FB53A0078FB36 /* main.m */; };
		623CCB591A6FB53A0078FB36 /* OSXAppDelegate.m in Sources */ = {isa = PBXBuildFile; fileRef = 623CCB551A6FB53A0078FB36 /* OSXAppDelegate.m */; };
		623CCB5A1A6FB53A0078FB36 /* OSXController.m in Sources */ = {isa = PBXBuildFile; fileRef = 623CCB571A6FB53A0078FB36 /* OSXController.m */; };
		628F04781A6FA82D0004D20C /* Images.xcassets in Resources */ = {isa = PBXBuildFile; fileRef = 628F04641A6FA82D0004D20C /* Images.xcassets */; };
		628F04791A6FA82D0004D20C /* LaunchScreen.xib in Resources */ = {isa = PBXBuildFile; fileRef = 628F04661A6FA82D0004D20C /* LaunchScreen.xib */; };
		628F047A1A6FA82D0004D20C /* Main.storyboard in Resources */ = {isa = PBXBuildFile; fileRef = 628F04681A6FA82D0004D20C /* Main.storyboard */; };
		62D152F71A69CF240014F905 /* Relayr.framework in Frameworks */ = {isa = PBXBuildFile; fileRef = 62D152F51A69CF1B0014F905 /* Relayr.framework */; };
		62D152F81A69CF240014F905 /* Relayr.framework in Embed Frameworks */ = {isa = PBXBuildFile; fileRef = 62D152F51A69CF1B0014F905 /* Relayr.framework */; settings = {ATTRIBUTES = (CodeSignOnCopy, RemoveHeadersOnCopy, ); }; };
/* End PBXBuildFile section */

/* Begin PBXCopyFilesBuildPhase section */
		62231CFE1A6FAB4D007E2688 /* Embed Frameworks */ = {
			isa = PBXCopyFilesBuildPhase;
			buildActionMask = 2147483647;
			dstPath = "";
			dstSubfolderSpec = 10;
			files = (
				62231D1E1A6FACBA007E2688 /* Relayr.framework in Embed Frameworks */,
			);
			name = "Embed Frameworks";
			runOnlyForDeploymentPostprocessing = 0;
		};
		62D152F91A69CF240014F905 /* Embed Frameworks */ = {
			isa = PBXCopyFilesBuildPhase;
			buildActionMask = 2147483647;
			dstPath = "";
			dstSubfolderSpec = 10;
			files = (
				62D152F81A69CF240014F905 /* Relayr.framework in Embed Frameworks */,
			);
			name = "Embed Frameworks";
			runOnlyForDeploymentPostprocessing = 0;
		};
/* End PBXCopyFilesBuildPhase section */

/* Begin PBXFileReference section */
		62231CD71A6FAA7F007E2688 /* Thermometer.app */ = {isa = PBXFileReference; explicitFileType = wrapper.application; includeInIndex = 0; path = Thermometer.app; sourceTree = BUILT_PRODUCTS_DIR; };
		62231D011A6FABBB007E2688 /* thermometer.xcassets */ = {isa = PBXFileReference; lastKnownFileType = folder.assetcatalog; path = thermometer.xcassets; sourceTree = "<group>"; };
		62231D041A6FABBB007E2688 /* Base */ = {isa = PBXFileReference; lastKnownFileType = file.storyboard; name = Base; path = Base.lproj/Main.storyboard; sourceTree = "<group>"; };
		62231D0C1A6FABBB007E2688 /* Info.plist */ = {isa = PBXFileReference; fileEncoding = 4; lastKnownFileType = text.plist.xml; path = Info.plist; sourceTree = "<group>"; };
		62231D1B1A6FACB0007E2688 /* Relayr.framework */ = {isa = PBXFileReference; lastKnownFileType = wrapper.framework; name = Relayr.framework; path = ../../../frameworks/osx/Relayr.framework; sourceTree = "<group>"; };
		622BA42A1A69CDEA00917384 /* Thermometer.app */ = {isa = PBXFileReference; explicitFileType = wrapper.application; includeInIndex = 0; path = Thermometer.app; sourceTree = BUILT_PRODUCTS_DIR; };
		623CCB4B1A6FB4ED0078FB36 /* IOSAppDelegate.h */ = {isa = PBXFileReference; fileEncoding = 4; lastKnownFileType = sourcecode.c.h; path = IOSAppDelegate.h; sourceTree = "<group>"; };
		623CCB4C1A6FB4ED0078FB36 /* IOSAppDelegate.m */ = {isa = PBXFileReference; fileEncoding = 4; lastKnownFileType = sourcecode.c.objc; path = IOSAppDelegate.m; sourceTree = "<group>"; };
		623CCB4D1A6FB4ED0078FB36 /* IOSController.h */ = {isa = PBXFileReference; fileEncoding = 4; lastKnownFileType = sourcecode.c.h; path = IOSController.h; sourceTree = "<group>"; };
		623CCB4E1A6FB4ED0078FB36 /* IOSController.m */ = {isa = PBXFileReference; fileEncoding = 4; lastKnownFileType = sourcecode.c.objc; path = IOSController.m; sourceTree = "<group>"; };
		623CCB4F1A6FB4ED0078FB36 /* main.m */ = {isa = PBXFileReference; fileEncoding = 4; lastKnownFileType = sourcecode.c.objc; path = main.m; sourceTree = "<group>"; };
		623CCB531A6FB53A0078FB36 /* main.m */ = {isa = PBXFileReference; fileEncoding = 4; lastKnownFileType = sourcecode.c.objc; path = main.m; sourceTree = "<group>"; };
		623CCB541A6FB53A0078FB36 /* OSXAppDelegate.h */ = {isa = PBXFileReference; fileEncoding = 4; lastKnownFileType = sourcecode.c.h; path = OSXAppDelegate.h; sourceTree = "<group>"; };
		623CCB551A6FB53A0078FB36 /* OSXAppDelegate.m */ = {isa = PBXFileReference; fileEncoding = 4; lastKnownFileType = sourcecode.c.objc; path = OSXAppDelegate.m; sourceTree = "<group>"; };
		623CCB561A6FB53A0078FB36 /* OSXController.h */ = {isa = PBXFileReference; fileEncoding = 4; lastKnownFileType = sourcecode.c.h; path = OSXController.h; sourceTree = "<group>"; };
		623CCB571A6FB53A0078FB36 /* OSXController.m */ = {isa = PBXFileReference; fileEncoding = 4; lastKnownFileType = sourcecode.c.objc; path = OSXController.m; sourceTree = "<group>"; };
		628F04641A6FA82D0004D20C /* Images.xcassets */ = {isa = PBXFileReference; lastKnownFileType = folder.assetcatalog; path = Images.xcassets; sourceTree = "<group>"; };
		628F04671A6FA82D0004D20C /* Base */ = {isa = PBXFileReference; lastKnownFileType = file.xib; name = Base; path = Base.lproj/LaunchScreen.xib; sourceTree = "<group>"; };
		628F04691A6FA82D0004D20C /* Base */ = {isa = PBXFileReference; lastKnownFileType = file.storyboard; name = Base; path = Base.lproj/Main.storyboard; sourceTree = "<group>"; };
		628F04711A6FA82D0004D20C /* Info.plist */ = {isa = PBXFileReference; fileEncoding = 4; lastKnownFileType = text.plist.xml; path = Info.plist; sourceTree = "<group>"; };
		62D152F51A69CF1B0014F905 /* Relayr.framework */ = {isa = PBXFileReference; lastKnownFileType = wrapper.framework; name = Relayr.framework; path = ../../../frameworks/ios/Relayr.framework; sourceTree = "<group>"; };
/* End PBXFileReference section */

/* Begin PBXFrameworksBuildPhase section */
		62231CD41A6FAA7F007E2688 /* Frameworks */ = {
			isa = PBXFrameworksBuildPhase;
			buildActionMask = 2147483647;
			files = (
				62231D1D1A6FACBA007E2688 /* Relayr.framework in Frameworks */,
			);
			runOnlyForDeploymentPostprocessing = 0;
		};
		622BA4271A69CDEA00917384 /* Frameworks */ = {
			isa = PBXFrameworksBuildPhase;
			buildActionMask = 2147483647;
			files = (
				62D152F71A69CF240014F905 /* Relayr.framework in Frameworks */,
			);
			runOnlyForDeploymentPostprocessing = 0;
		};
/* End PBXFrameworksBuildPhase section */

/* Begin PBXGroup section */
		62231CFF1A6FABBB007E2688 /* assets */ = {
			isa = PBXGroup;
			children = (
				62231D001A6FABBB007E2688 /* images */,
				62231D021A6FABBB007E2688 /* storyboards */,
			);
			path = assets;
			sourceTree = "<group>";
		};
		62231D001A6FABBB007E2688 /* images */ = {
			isa = PBXGroup;
			children = (
				62231D011A6FABBB007E2688 /* thermometer.xcassets */,
			);
			path = images;
			sourceTree = "<group>";
		};
		62231D021A6FABBB007E2688 /* storyboards */ = {
			isa = PBXGroup;
			children = (
				62231D031A6FABBB007E2688 /* Main.storyboard */,
			);
			path = storyboards;
			sourceTree = "<group>";
		};
		62231D051A6FABBB007E2688 /* classes */ = {
			isa = PBXGroup;
			children = (
				623CCB531A6FB53A0078FB36 /* main.m */,
				623CCB541A6FB53A0078FB36 /* OSXAppDelegate.h */,
				623CCB551A6FB53A0078FB36 /* OSXAppDelegate.m */,
				623CCB561A6FB53A0078FB36 /* OSXController.h */,
				623CCB571A6FB53A0078FB36 /* OSXController.m */,
			);
			path = classes;
			sourceTree = "<group>";
		};
		62231D0B1A6FABBB007E2688 /* configuration */ = {
			isa = PBXGroup;
			children = (
				62231D0C1A6FABBB007E2688 /* Info.plist */,
			);
			path = configuration;
			sourceTree = "<group>";
		};
		622BA4211A69CDEA00917384 = {
			isa = PBXGroup;
			children = (
				628F04611A6FA82D0004D20C /* ios */,
				628F04721A6FA82D0004D20C /* osx */,
				622BA42B1A69CDEA00917384 /* Products */,
			);
			sourceTree = "<group>";
		};
		622BA42B1A69CDEA00917384 /* Products */ = {
			isa = PBXGroup;
			children = (
				622BA42A1A69CDEA00917384 /* Thermometer.app */,
				62231CD71A6FAA7F007E2688 /* Thermometer.app */,
			);
			name = Products;
			sourceTree = "<group>";
		};
		628F04611A6FA82D0004D20C /* ios */ = {
			isa = PBXGroup;
			children = (
				628F04621A6FA82D0004D20C /* assets */,
				628F046A1A6FA82D0004D20C /* classes */,
				628F04701A6FA82D0004D20C /* configuration */,
				62D152F51A69CF1B0014F905 /* Relayr.framework */,
			);
			path = ios;
			sourceTree = "<group>";
		};
		628F04621A6FA82D0004D20C /* assets */ = {
			isa = PBXGroup;
			children = (
				628F04631A6FA82D0004D20C /* images */,
				628F04651A6FA82D0004D20C /* storyboards */,
			);
			path = assets;
			sourceTree = "<group>";
		};
		628F04631A6FA82D0004D20C /* images */ = {
			isa = PBXGroup;
			children = (
				628F04641A6FA82D0004D20C /* Images.xcassets */,
			);
			path = images;
			sourceTree = "<group>";
		};
		628F04651A6FA82D0004D20C /* storyboards */ = {
			isa = PBXGroup;
			children = (
				628F04661A6FA82D0004D20C /* LaunchScreen.xib */,
				628F04681A6FA82D0004D20C /* Main.storyboard */,
			);
			path = storyboards;
			sourceTree = "<group>";
		};
		628F046A1A6FA82D0004D20C /* classes */ = {
			isa = PBXGroup;
			children = (
				623CCB4F1A6FB4ED0078FB36 /* main.m */,
				623CCB4B1A6FB4ED0078FB36 /* IOSAppDelegate.h */,
				623CCB4C1A6FB4ED0078FB36 /* IOSAppDelegate.m */,
				623CCB4D1A6FB4ED0078FB36 /* IOSController.h */,
				623CCB4E1A6FB4ED0078FB36 /* IOSController.m */,
			);
			path = classes;
			sourceTree = "<group>";
		};
		628F04701A6FA82D0004D20C /* configuration */ = {
			isa = PBXGroup;
			children = (
				628F04711A6FA82D0004D20C /* Info.plist */,
			);
			path = configuration;
			sourceTree = "<group>";
		};
		628F04721A6FA82D0004D20C /* osx */ = {
			isa = PBXGroup;
			children = (
				62231CFF1A6FABBB007E2688 /* assets */,
				62231D051A6FABBB007E2688 /* classes */,
				62231D0B1A6FABBB007E2688 /* configuration */,
				62231D1B1A6FACB0007E2688 /* Relayr.framework */,
			);
			path = osx;
			sourceTree = "<group>";
		};
/* End PBXGroup section */

/* Begin PBXNativeTarget section */
		62231CD61A6FAA7F007E2688 /* Thermometer OSX */ = {
			isa = PBXNativeTarget;
			buildConfigurationList = 62231CF41A6FAA7F007E2688 /* Build configuration list for PBXNativeTarget "Thermometer OSX" */;
			buildPhases = (
				62231CD31A6FAA7F007E2688 /* Sources */,
				62231CD41A6FAA7F007E2688 /* Frameworks */,
				62231CD51A6FAA7F007E2688 /* Resources */,
				62231CFE1A6FAB4D007E2688 /* Embed Frameworks */,
			);
			buildRules = (
			);
			dependencies = (
			);
			name = "Thermometer OSX";
			productName = thermometer;
			productReference = 62231CD71A6FAA7F007E2688 /* Thermometer.app */;
			productType = "com.apple.product-type.application";
		};
		622BA4291A69CDEA00917384 /* Thermometer iOS */ = {
			isa = PBXNativeTarget;
			buildConfigurationList = 622BA44D1A69CDEB00917384 /* Build configuration list for PBXNativeTarget "Thermometer iOS" */;
			buildPhases = (
				622BA4261A69CDEA00917384 /* Sources */,
				622BA4271A69CDEA00917384 /* Frameworks */,
				622BA4281A69CDEA00917384 /* Resources */,
				62D152F91A69CF240014F905 /* Embed Frameworks */,
			);
			buildRules = (
			);
			dependencies = (
			);
			name = "Thermometer iOS";
			productName = thermometer;
			productReference = 622BA42A1A69CDEA00917384 /* Thermometer.app */;
			productType = "com.apple.product-type.application";
		};
/* End PBXNativeTarget section */

/* Begin PBXProject section */
		622BA4221A69CDEA00917384 /* Project object */ = {
			isa = PBXProject;
			attributes = {
				LastUpgradeCheck = 0610;
				ORGANIZATIONNAME = Relayr;
				TargetAttributes = {
					62231CD61A6FAA7F007E2688 = {
						CreatedOnToolsVersion = 6.1.1;
					};
					622BA4291A69CDEA00917384 = {
						CreatedOnToolsVersion = 6.1.1;
					};
				};
			};
			buildConfigurationList = 622BA4251A69CDEA00917384 /* Build configuration list for PBXProject "thermometer" */;
			compatibilityVersion = "Xcode 3.2";
			developmentRegion = English;
			hasScannedForEncodings = 0;
			knownRegions = (
				en,
				Base,
			);
			mainGroup = 622BA4211A69CDEA00917384;
			productRefGroup = 622BA42B1A69CDEA00917384 /* Products */;
			projectDirPath = "";
			projectRoot = "";
			targets = (
				622BA4291A69CDEA00917384 /* Thermometer iOS */,
				62231CD61A6FAA7F007E2688 /* Thermometer OSX */,
			);
		};
/* End PBXProject section */

/* Begin PBXResourcesBuildPhase section */
		62231CD51A6FAA7F007E2688 /* Resources */ = {
			isa = PBXResourcesBuildPhase;
			buildActionMask = 2147483647;
			files = (
				62231D0D1A6FABBB007E2688 /* thermometer.xcassets in Resources */,
				62231D0E1A6FABBB007E2688 /* Main.storyboard in Resources */,
			);
			runOnlyForDeploymentPostprocessing = 0;
		};
		622BA4281A69CDEA00917384 /* Resources */ = {
			isa = PBXResourcesBuildPhase;
			buildActionMask = 2147483647;
			files = (
				628F04781A6FA82D0004D20C /* Images.xcassets in Resources */,
				628F04791A6FA82D0004D20C /* LaunchScreen.xib in Resources */,
				628F047A1A6FA82D0004D20C /* Main.storyboard in Resources */,
			);
			runOnlyForDeploymentPostprocessing = 0;
		};
/* End PBXResourcesBuildPhase section */

/* Begin PBXSourcesBuildPhase section */
		62231CD31A6FAA7F007E2688 /* Sources */ = {
			isa = PBXSourcesBuildPhase;
			buildActionMask = 2147483647;
			files = (
				623CCB5A1A6FB53A0078FB36 /* OSXController.m in Sources */,
				623CCB581A6FB53A0078FB36 /* main.m in Sources */,
				623CCB591A6FB53A0078FB36 /* OSXAppDelegate.m in Sources */,
			);
			runOnlyForDeploymentPostprocessing = 0;
		};
		622BA4261A69CDEA00917384 /* Sources */ = {
			isa = PBXSourcesBuildPhase;
			buildActionMask = 2147483647;
			files = (
				623CCB501A6FB4ED0078FB36 /* IOSAppDelegate.m in Sources */,
				623CCB521A6FB4ED0078FB36 /* main.m in Sources */,
				623CCB511A6FB4ED0078FB36 /* IOSController.m in Sources */,
			);
			runOnlyForDeploymentPostprocessing = 0;
		};
/* End PBXSourcesBuildPhase section */

/* Begin PBXVariantGroup section */
		62231D031A6FABBB007E2688 /* Main.storyboard */ = {
			isa = PBXVariantGroup;
			children = (
				62231D041A6FABBB007E2688 /* Base */,
			);
			name = Main.storyboard;
			sourceTree = "<group>";
		};
		628F04661A6FA82D0004D20C /* LaunchScreen.xib */ = {
			isa = PBXVariantGroup;
			children = (
				628F04671A6FA82D0004D20C /* Base */,
			);
			name = LaunchScreen.xib;
			sourceTree = "<group>";
		};
		628F04681A6FA82D0004D20C /* Main.storyboard */ = {
			isa = PBXVariantGroup;
			children = (
				628F04691A6FA82D0004D20C /* Base */,
			);
			name = Main.storyboard;
			sourceTree = "<group>";
		};
/* End PBXVariantGroup section */

/* Begin XCBuildConfiguration section */
		62231CF51A6FAA7F007E2688 /* Debug */ = {
			isa = XCBuildConfiguration;
			buildSettings = {
				ASSETCATALOG_COMPILER_APPICON_NAME = AppIcon;
				CODE_SIGN_IDENTITY = "-";
				COMBINE_HIDPI_IMAGES = YES;
				FRAMEWORK_SEARCH_PATHS = (
					"$(inherited)",
					"/Users/san_dehesa/Marcos/Workspace/Relayr/Apple/apple-sample-apps/frameworks/osx",
				);
				GCC_PREPROCESSOR_DEFINITIONS = (
					"DEBUG=1",
					"$(inherited)",
				);
				INFOPLIST_FILE = "$(SRCROOT)/osx/configuration/Info.plist";
				LD_RUNPATH_SEARCH_PATHS = "$(inherited) @executable_path/../Frameworks";
				MACOSX_DEPLOYMENT_TARGET = 10.10;
				PRODUCT_NAME = Thermometer;
				SDKROOT = macosx;
			};
			name = Debug;
		};
		62231CF61A6FAA7F007E2688 /* Release */ = {
			isa = XCBuildConfiguration;
			buildSettings = {
				ASSETCATALOG_COMPILER_APPICON_NAME = AppIcon;
				CODE_SIGN_IDENTITY = "-";
				COMBINE_HIDPI_IMAGES = YES;
				DEBUG_INFORMATION_FORMAT = "dwarf-with-dsym";
				FRAMEWORK_SEARCH_PATHS = (
					"$(inherited)",
					"/Users/san_dehesa/Marcos/Workspace/Relayr/Apple/apple-sample-apps/frameworks/osx",
				);
				INFOPLIST_FILE = "$(SRCROOT)/osx/configuration/Info.plist";
				LD_RUNPATH_SEARCH_PATHS = "$(inherited) @executable_path/../Frameworks";
				MACOSX_DEPLOYMENT_TARGET = 10.10;
				PRODUCT_NAME = Thermometer;
				SDKROOT = macosx;
			};
			name = Release;
		};
		622BA44B1A69CDEB00917384 /* Debug */ = {
			isa = XCBuildConfiguration;
			buildSettings = {
				ALWAYS_SEARCH_USER_PATHS = NO;
				CLANG_CXX_LANGUAGE_STANDARD = "gnu++0x";
				CLANG_CXX_LIBRARY = "libc++";
				CLANG_ENABLE_MODULES = YES;
				CLANG_ENABLE_OBJC_ARC = YES;
				CLANG_WARN_BOOL_CONVERSION = YES;
				CLANG_WARN_CONSTANT_CONVERSION = YES;
				CLANG_WARN_DIRECT_OBJC_ISA_USAGE = YES_ERROR;
				CLANG_WARN_EMPTY_BODY = YES;
				CLANG_WARN_ENUM_CONVERSION = YES;
				CLANG_WARN_INT_CONVERSION = YES;
				CLANG_WARN_OBJC_ROOT_CLASS = YES_ERROR;
				CLANG_WARN_UNREACHABLE_CODE = YES;
				CLANG_WARN__DUPLICATE_METHOD_MATCH = YES;
				"CODE_SIGN_IDENTITY[sdk=iphoneos*]" = "iPhone Developer";
				COPY_PHASE_STRIP = NO;
				ENABLE_STRICT_OBJC_MSGSEND = YES;
				GCC_C_LANGUAGE_STANDARD = gnu99;
				GCC_DYNAMIC_NO_PIC = NO;
				GCC_OPTIMIZATION_LEVEL = 0;
				GCC_PREPROCESSOR_DEFINITIONS = (
					"DEBUG=1",
					"$(inherited)",
				);
				GCC_SYMBOLS_PRIVATE_EXTERN = NO;
				GCC_WARN_64_TO_32_BIT_CONVERSION = YES;
				GCC_WARN_ABOUT_RETURN_TYPE = YES_ERROR;
				GCC_WARN_UNDECLARED_SELECTOR = YES;
				GCC_WARN_UNINITIALIZED_AUTOS = YES_AGGRESSIVE;
				GCC_WARN_UNUSED_FUNCTION = YES;
				GCC_WARN_UNUSED_VARIABLE = YES;
				IPHONEOS_DEPLOYMENT_TARGET = 8.1;
				MTL_ENABLE_DEBUG_INFO = YES;
				ONLY_ACTIVE_ARCH = YES;
				SDKROOT = iphoneos;
				TARGETED_DEVICE_FAMILY = "1,2";
			};
			name = Debug;
		};
		622BA44C1A69CDEB00917384 /* Release */ = {
			isa = XCBuildConfiguration;
			buildSettings = {
				ALWAYS_SEARCH_USER_PATHS = NO;
				CLANG_CXX_LANGUAGE_STANDARD = "gnu++0x";
				CLANG_CXX_LIBRARY = "libc++";
				CLANG_ENABLE_MODULES = YES;
				CLANG_ENABLE_OBJC_ARC = YES;
				CLANG_WARN_BOOL_CONVERSION = YES;
				CLANG_WARN_CONSTANT_CONVERSION = YES;
				CLANG_WARN_DIRECT_OBJC_ISA_USAGE = YES_ERROR;
				CLANG_WARN_EMPTY_BODY = YES;
				CLANG_WARN_ENUM_CONVERSION = YES;
				CLANG_WARN_INT_CONVERSION = YES;
				CLANG_WARN_OBJC_ROOT_CLASS = YES_ERROR;
				CLANG_WARN_UNREACHABLE_CODE = YES;
				CLANG_WARN__DUPLICATE_METHOD_MATCH = YES;
				"CODE_SIGN_IDENTITY[sdk=iphoneos*]" = "iPhone Developer";
				COPY_PHASE_STRIP = YES;
				ENABLE_NS_ASSERTIONS = NO;
				ENABLE_STRICT_OBJC_MSGSEND = YES;
				GCC_C_LANGUAGE_STANDARD = gnu99;
				GCC_WARN_64_TO_32_BIT_CONVERSION = YES;
				GCC_WARN_ABOUT_RETURN_TYPE = YES_ERROR;
				GCC_WARN_UNDECLARED_SELECTOR = YES;
				GCC_WARN_UNINITIALIZED_AUTOS = YES_AGGRESSIVE;
				GCC_WARN_UNUSED_FUNCTION = YES;
				GCC_WARN_UNUSED_VARIABLE = YES;
				IPHONEOS_DEPLOYMENT_TARGET = 8.1;
				MTL_ENABLE_DEBUG_INFO = NO;
				SDKROOT = iphoneos;
				TARGETED_DEVICE_FAMILY = "1,2";
				VALIDATE_PRODUCT = YES;
			};
			name = Release;
		};
		622BA44E1A69CDEB00917384 /* Debug */ = {
			isa = XCBuildConfiguration;
			buildSettings = {
				ASSETCATALOG_COMPILER_APPICON_NAME = AppIcon;
				FRAMEWORK_SEARCH_PATHS = (
					"$(inherited)",
					"/Users/san_dehesa/Marcos/Workspace/Relayr/Apple/apple-sample-apps/frameworks/ios",
				);
				INFOPLIST_FILE = "$(SRCROOT)/ios/configuration/Info.plist";
				LD_RUNPATH_SEARCH_PATHS = "$(inherited) @executable_path/Frameworks";
				PRODUCT_NAME = Thermometer;
			};
			name = Debug;
		};
		622BA44F1A69CDEB00917384 /* Release */ = {
			isa = XCBuildConfiguration;
			buildSettings = {
				ASSETCATALOG_COMPILER_APPICON_NAME = AppIcon;
				FRAMEWORK_SEARCH_PATHS = (
					"$(inherited)",
					"/Users/san_dehesa/Marcos/Workspace/Relayr/Apple/apple-sample-apps/frameworks/ios",
				);
				INFOPLIST_FILE = "$(SRCROOT)/ios/configuration/Info.plist";
				LD_RUNPATH_SEARCH_PATHS = "$(inherited) @executable_path/Frameworks";
				PRODUCT_NAME = Thermometer;
			};
			name = Release;
		};
/* End XCBuildConfiguration section */

/* Begin XCConfigurationList section */
		62231CF41A6FAA7F007E2688 /* Build configuration list for PBXNativeTarget "Thermometer OSX" */ = {
			isa = XCConfigurationList;
			buildConfigurations = (
				62231CF51A6FAA7F007E2688 /* Debug */,
				62231CF61A6FAA7F007E2688 /* Release */,
			);
			defaultConfigurationIsVisible = 0;
			defaultConfigurationName = Release;
		};
		622BA4251A69CDEA00917384 /* Build configuration list for PBXProject "thermometer" */ = {
			isa = XCConfigurationList;
			buildConfigurations = (
				622BA44B1A69CDEB00917384 /* Debug */,
				622BA44C1A69CDEB00917384 /* Release */,
			);
			defaultConfigurationIsVisible = 0;
			defaultConfigurationName = Release;
		};
		622BA44D1A69CDEB00917384 /* Build configuration list for PBXNativeTarget "Thermometer iOS" */ = {
			isa = XCConfigurationList;
			buildConfigurations = (
				622BA44E1A69CDEB00917384 /* Debug */,
				622BA44F1A69CDEB00917384 /* Release */,
			);
			defaultConfigurationIsVisible = 0;
			defaultConfigurationName = Release;
		};
/* End XCConfigurationList section */
	};
	rootObject = 622BA4221A69CDEA00917384 /* Project object */;
}
